
Microsoft Visual Studio Solution File, Format Version 12.00
# Visual Studio Version 16
VisualStudioVersion = 16.0.30711.63
MinimumVisualStudioVersion = 10.0.40219.1
Project("{9A19103F-16F7-4668-BE54-9A1E7A4F7556}") = "Variables", "Variables\Variables.csproj", "{7904707D-28EA-46E1-BDC9-F6738AFD95EC}"
EndProject
Project("{9A19103F-16F7-4668-BE54-9A1E7A4F7556}") = "TypeConversion", "TypeConversion\TypeConversion.csproj", "{1FC5E56A-BB65-452A-9E20-BAB1D3B05272}"
EndProject
Project("{9A19103F-16F7-4668-BE54-9A1E7A4F7556}") = "var", "var\var.csproj", "{F5E9226E-97AF-4058-BAB6-F3084BCEECFF}"
EndProject
Project("{9A19103F-16F7-4668-BE54-9A1E7A4F7556}") = "DataTypesInDepth", "DataTypesInDepth\DataTypesInDepth.csproj", "{600EF8A1-E57E-457A-9764-134DB9BD0D7A}"
EndProject
Project("{9A19103F-16F7-4668-BE54-9A1E7A4F7556}") = "FloatingPointNumbers", "FloatingPointNumbers\FloatingPointNumbers.csproj", "{0D27E88E-43B0-4A2E-BE93-9A24670E55AB}"
EndProject
Project("{9A19103F-16F7-4668-BE54-9A1E7A4F7556}") = "DateTimeLecture", "DateTimeLecture\DateTimeLecture.csproj", "{94004751-B982-4D56-8897-8DBEA656B0B1}"
EndProject
Project("{9A19103F-16F7-4668-BE54-9A1E7A4F7556}") = "DateTimeExercise", "DateTimeExercise\DateTimeExercise.csproj", "{4104FFF7-36A2-4B4D-88C5-20E56F43CBC2}"
EndProject
Project("{9A19103F-16F7-4668-BE54-9A1E7A4F7556}") = "ErrorsTypes", "ErrorsTypes\ErrorsTypes.csproj", "{1AA7F8C2-2720-47D2-A903-37A1DDFE7CC5}"
EndProject
Project("{9A19103F-16F7-4668-BE54-9A1E7A4F7556}") = "ReadLine", "ReadLine\ReadLine.csproj", "{891593CE-1FE2-4AF8-AFA8-A56571EBD0AE}"
EndProject
Project("{FAE04EC0-301F-11D3-BF4B-00C04F79EFBC}") = "ArithmeticOperators", "ArithmeticOperators\ArithmeticOperators.csproj", "{35B26770-A9C3-4615-927D-88BB1B7CE543}"
EndProject
Global
	GlobalSection(SolutionConfigurationPlatforms) = preSolution
		Debug|Any CPU = Debug|Any CPU
		Release|Any CPU = Release|Any CPU
	EndGlobalSection
	GlobalSection(ProjectConfigurationPlatforms) = postSolution
		{7904707D-28EA-46E1-BDC9-F6738AFD95EC}.Debug|Any CPU.ActiveCfg = Debug|Any CPU
		{7904707D-28EA-46E1-BDC9-F6738AFD95EC}.Debug|Any CPU.Build.0 = Debug|Any CPU
		{7904707D-28EA-46E1-BDC9-F6738AFD95EC}.Release|Any CPU.ActiveCfg = Release|Any CPU
		{7904707D-28EA-46E1-BDC9-F6738AFD95EC}.Release|Any CPU.Build.0 = Release|Any CPU
		{1FC5E56A-BB65-452A-9E20-BAB1D3B05272}.Debug|Any CPU.ActiveCfg = Debug|Any CPU
		{1FC5E56A-BB65-452A-9E20-BAB1D3B05272}.Debug|Any CPU.Build.0 = Debug|Any CPU
		{1FC5E56A-BB65-452A-9E20-BAB1D3B05272}.Release|Any CPU.ActiveCfg = Release|Any CPU
		{1FC5E56A-BB65-452A-9E20-BAB1D3B05272}.Release|Any CPU.Build.0 = Release|Any CPU
		{F5E9226E-97AF-4058-BAB6-F3084BCEECFF}.Debug|Any CPU.ActiveCfg = Debug|Any CPU
		{F5E9226E-97AF-4058-BAB6-F3084BCEECFF}.Debug|Any CPU.Build.0 = Debug|Any CPU
		{F5E9226E-97AF-4058-BAB6-F3084BCEECFF}.Release|Any CPU.ActiveCfg = Release|Any CPU
		{F5E9226E-97AF-4058-BAB6-F3084BCEECFF}.Release|Any CPU.Build.0 = Release|Any CPU
		{600EF8A1-E57E-457A-9764-134DB9BD0D7A}.Debug|Any CPU.ActiveCfg = Debug|Any CPU
		{600EF8A1-E57E-457A-9764-134DB9BD0D7A}.Debug|Any CPU.Build.0 = Debug|Any CPU
		{600EF8A1-E57E-457A-9764-134DB9BD0D7A}.Release|Any CPU.ActiveCfg = Release|Any CPU
		{600EF8A1-E57E-457A-9764-134DB9BD0D7A}.Release|Any CPU.Build.0 = Release|Any CPU
		{0D27E88E-43B0-4A2E-BE93-9A24670E55AB}.Debug|Any CPU.ActiveCfg = Debug|Any CPU
		{0D27E88E-43B0-4A2E-BE93-9A24670E55AB}.Debug|Any CPU.Build.0 = Debug|Any CPU
		{0D27E88E-43B0-4A2E-BE93-9A24670E55AB}.Release|Any CPU.ActiveCfg = Release|Any CPU
		{0D27E88E-43B0-4A2E-BE93-9A24670E55AB}.Release|Any CPU.Build.0 = Release|Any CPU
		{94004751-B982-4D56-8897-8DBEA656B0B1}.Debug|Any CPU.ActiveCfg = Debug|Any CPU
		{94004751-B982-4D56-8897-8DBEA656B0B1}.Debug|Any CPU.Build.0 = Debug|Any CPU
		{94004751-B982-4D56-8897-8DBEA656B0B1}.Release|Any CPU.ActiveCfg = Release|Any CPU
		{94004751-B982-4D56-8897-8DBEA656B0B1}.Release|Any CPU.Build.0 = Release|Any CPU
		{4104FFF7-36A2-4B4D-88C5-20E56F43CBC2}.Debug|Any CPU.ActiveCfg = Debug|Any CPU
		{4104FFF7-36A2-4B4D-88C5-20E56F43CBC2}.Debug|Any CPU.Build.0 = Debug|Any CPU
		{4104FFF7-36A2-4B4D-88C5-20E56F43CBC2}.Release|Any CPU.ActiveCfg = Release|Any CPU
		{4104FFF7-36A2-4B4D-88C5-20E56F43CBC2}.Release|Any CPU.Build.0 = Release|Any CPU
		{1AA7F8C2-2720-47D2-A903-37A1DDFE7CC5}.Debug|Any CPU.ActiveCfg = Debug|Any CPU
		{1AA7F8C2-2720-47D2-A903-37A1DDFE7CC5}.Debug|Any CPU.Build.0 = Debug|Any CPU
		{1AA7F8C2-2720-47D2-A903-37A1DDFE7CC5}.Release|Any CPU.ActiveCfg = Release|Any CPU
		{1AA7F8C2-2720-47D2-A903-37A1DDFE7CC5}.Release|Any CPU.Build.0 = Release|Any CPU
		{891593CE-1FE2-4AF8-AFA8-A56571EBD0AE}.Debug|Any CPU.ActiveCfg = Debug|Any CPU
		{891593CE-1FE2-4AF8-AFA8-A56571EBD0AE}.Debug|Any CPU.Build.0 = Debug|Any CPU
		{891593CE-1FE2-4AF8-AFA8-A56571EBD0AE}.Release|Any CPU.ActiveCfg = Release|Any CPU
		{891593CE-1FE2-4AF8-AFA8-A56571EBD0AE}.Release|Any CPU.Build.0 = Release|Any CPU
		{35B26770-A9C3-4615-927D-88BB1B7CE543}.Debug|Any CPU.ActiveCfg = Debug|Any CPU
		{35B26770-A9C3-4615-927D-88BB1B7CE543}.Debug|Any CPU.Build.0 = Debug|Any CPU
		{35B26770-A9C3-4615-927D-88BB1B7CE543}.Release|Any CPU.ActiveCfg = Release|Any CPU
		{35B26770-A9C3-4615-927D-88BB1B7CE543}.Release|Any CPU.Build.0 = Release|Any CPU
	EndGlobalSection
	GlobalSection(SolutionProperties) = preSolution
		HideSolutionNode = FALSE
	EndGlobalSection
	GlobalSection(ExtensibilityGlobals) = postSolution
		SolutionGuid = {E644D5D0-2A41-4C55-B3D9-158A8B4232D9}
	EndGlobalSection
EndGlobal
